<?xml version="1.0" encoding="utf-8"?>
<Project ToolsVersion="4.0" xmlns="http://schemas.microsoft.com/developer/msbuild/2003">
  <ItemGroup>
    <Filter Include="Source Files">
      <UniqueIdentifier>{4FC737F1-C7A5-4376-A066-2A32D752A2FF}</UniqueIdentifier>
      <Extensions>cpp;c;cc;cxx;c++;cppm;ixx;def;odl;idl;hpj;bat;asm;asmx</Extensions>
    </Filter>
    <Filter Include="Header Files">
      <UniqueIdentifier>{93995380-89BD-4b04-88EB-625FBE52EBFB}</UniqueIdentifier>
      <Extensions>h;hh;hpp;hxx;h++;hm;inl;inc;ipp;xsd</Extensions>
    </Filter>
    <Filter Include="Resource Files">
      <UniqueIdentifier>{67DA6AB6-F800-4c08-8B7A-83BB121AAD01}</UniqueIdentifier>
      <Extensions>rc;ico;cur;bmp;dlg;rc2;rct;bin;rgs;gif;jpg;jpeg;jpe;resx;tiff;tif;png;wav;mfcribbon-ms</Extensions>
    </Filter>
    <Filter Include="Structures">
      <UniqueIdentifier>{c9de4b03-8bf0-4535-8fa5-b6633bb38809}</UniqueIdentifier>
    </Filter>
    <Filter Include="Helpers">
      <UniqueIdentifier>{12675eee-09f1-4da4-9b73-58037f7cb838}</UniqueIdentifier>
    </Filter>
    <Filter Include="Ray Tracing">
      <UniqueIdentifier>{575762f8-77b8-4e7a-b8e4-6550b9cd4bf9}</UniqueIdentifier>
    </Filter>
    <Filter Include="Rendering Helpers">
      <UniqueIdentifier>{38806dc3-b210-4ffd-9719-93e8fde1613f}</UniqueIdentifier>
    </Filter>
    <Filter Include="Render Meshs Info">
      <UniqueIdentifier>{39a6d4c1-e746-4dd4-8f00-00e42fd31548}</UniqueIdentifier>
    </Filter>
    <Filter Include="Camera">
      <UniqueIdentifier>{79af8656-b1b1-4cf1-9a4d-ee97a4c4d075}</UniqueIdentifier>
    </Filter>
    <Filter Include="Model Management">
      <UniqueIdentifier>{5c2d2da1-b7b1-41df-95a7-95f3b196ccf4}</UniqueIdentifier>
    </Filter>
    <Filter Include="UI">
      <UniqueIdentifier>{36c06d0a-65c5-45a9-9843-effd293e9b68}</UniqueIdentifier>
    </Filter>
  </ItemGroup>
  <ItemGroup>
    <ClCompile Include="WolfEngine.cpp">
      <Filter>Source Files</Filter>
    </ClCompile>
    <ClCompile Include="Window.cpp">
      <Filter>Source Files</Filter>
    </ClCompile>
    <ClCompile Include="CommandRecordBase.cpp">
      <Filter>Source Files</Filter>
    </ClCompile>
    <ClCompile Include="ImageFileLoader.cpp">
      <Filter>Helpers</Filter>
    </ClCompile>
    <ClCompile Include="DescriptorSetGenerator.cpp">
      <Filter>Helpers</Filter>
    </ClCompile>
    <ClCompile Include="DescriptorSetLayoutGenerator.cpp">
      <Filter>Helpers</Filter>
    </ClCompile>
    <ClCompile Include="ShaderParser.cpp">
      <Filter>Helpers</Filter>
    </ClCompile>
    <ClCompile Include="MipMapGenerator.cpp">
      <Filter>Source Files</Filter>
    </ClCompile>
    <ClCompile Include="Timer.cpp">
      <Filter>Source Files</Filter>
    </ClCompile>
    <ClCompile Include="DepthPassBase.cpp">
      <Filter>Source Files</Filter>
    </ClCompile>
    <ClCompile Include="RayTracingShaderGroupGenerator.cpp">
      <Filter>Ray Tracing</Filter>
    </ClCompile>
    <ClCompile Include="AndroidCacheHelper.cpp">
      <Filter>Source Files</Filter>
    </ClCompile>
    <ClCompile Include="Dump.cpp">
      <Filter>Source Files</Filter>
    </ClCompile>
    <ClCompile Include="DebugMarkerSymbols.cpp">
      <Filter>Helpers</Filter>
    </ClCompile>
    <ClCompile Include="DebugMarker.cpp">
      <Filter>Source Files</Filter>
    </ClCompile>
    <ClCompile Include="ShadingRateSymbols.cpp">
      <Filter>Source Files</Filter>
    </ClCompile>
    <ClCompile Include="InputHandler.cpp">
      <Filter>Helpers</Filter>
    </ClCompile>
    <ClCompile Include="JSONReader.cpp">
      <Filter>Helpers</Filter>
    </ClCompile>
    <ClCompile Include="PipelineSet.cpp">
      <Filter>Render Meshs Info</Filter>
    </ClCompile>
    <ClCompile Include="ShaderList.cpp">
      <Filter>Render Meshs Info</Filter>
    </ClCompile>
    <ClCompile Include="RenderMeshList.cpp">
      <Filter>Render Meshs Info</Filter>
    </ClCompile>
    <ClCompile Include="CameraInterface.cpp">
      <Filter>Camera</Filter>
    </ClCompile>
    <ClCompile Include="FirstPersonCamera.cpp">
      <Filter>Camera</Filter>
    </ClCompile>
    <ClCompile Include="CameraList.cpp">
      <Filter>Camera</Filter>
    </ClCompile>
    <ClCompile Include="GraphicCameraInterface.cpp">
      <Filter>Camera</Filter>
    </ClCompile>
    <ClCompile Include="OrthographicCamera.cpp">
      <Filter>Camera</Filter>
    </ClCompile>
    <ClCompile Include="ModelLoader.cpp">
      <Filter>Model Management</Filter>
    </ClCompile>
    <ClCompile Include="Mesh.cpp">
      <Filter>Model Management</Filter>
    </ClCompile>
    <ClCompile Include="SubMesh.cpp">
      <Filter>Model Management</Filter>
    </ClCompile>
    <ClCompile Include="UltraLight.cpp">
      <Filter>UI</Filter>
    </ClCompile>
    <ClCompile Include="UltraLightSurface.cpp">
      <Filter>UI</Filter>
    </ClCompile>
    <ClCompile Include="UltralightViewListener.cpp">
      <Filter>UI</Filter>
    </ClCompile>
    <ClCompile Include="ImageCompression.cpp">
      <Filter>Source Files</Filter>
    </ClCompile>
    <ClCompile Include="MaterialsGPUManager.cpp">
      <Filter>Source Files</Filter>
    </ClCompile>
    <ClCompile Include="TextureSetLoader.cpp">
      <Filter>Source Files</Filter>
    </ClCompile>
    <ClCompile Include="DynamicStableArray.cpp">
      <Filter>Source Files</Filter>
    </ClCompile>
    <ClCompile Include="LightManager.cpp">
      <Filter>Source Files</Filter>
    </ClCompile>
    <ClCompile Include="..\ThirdParty\Tracy\TracyClient.cpp">
      <Filter>Source Files</Filter>
    </ClCompile>
    <ClCompile Include="DAEImporter.cpp">
      <Filter>Model Management</Filter>
    </ClCompile>
  </ItemGroup>
  <ItemGroup>
    <ClInclude Include="WolfEngine.h">
      <Filter>Header Files</Filter>
    </ClInclude>
    <ClInclude Include="Window.h">
      <Filter>Header Files</Filter>
    </ClInclude>
    <ClInclude Include="CommandRecordBase.h">
      <Filter>Header Files</Filter>
    </ClInclude>
    <ClInclude Include="QueueFamilyIndices.h">
      <Filter>Structures</Filter>
    </ClInclude>
    <ClInclude Include="SwapChainSupportDetails.h">
      <Filter>Structures</Filter>
    </ClInclude>
    <ClInclude Include="ImageFileLoader.h">
      <Filter>Helpers</Filter>
    </ClInclude>
    <ClInclude Include="DescriptorSetGenerator.h">
      <Filter>Helpers</Filter>
    </ClInclude>
    <ClInclude Include="DescriptorSetLayoutGenerator.h">
      <Filter>Helpers</Filter>
    </ClInclude>
    <ClInclude Include="ShaderParser.h">
      <Filter>Helpers</Filter>
    </ClInclude>
    <ClInclude Include="MipMapGenerator.h">
      <Filter>Header Files</Filter>
    </ClInclude>
    <ClInclude Include="ShaderCommon.h">
      <Filter>Header Files</Filter>
    </ClInclude>
    <ClInclude Include="Timer.h">
      <Filter>Header Files</Filter>
    </ClInclude>
    <ClInclude Include="DepthPassBase.h">
      <Filter>Header Files</Filter>
    </ClInclude>
    <ClInclude Include="RayTracingShaderGroupGenerator.h">
      <Filter>Ray Tracing</Filter>
    </ClInclude>
    <ClInclude Include="AndroidCacheHelper.h">
      <Filter>Header Files</Filter>
    </ClInclude>
    <ClInclude Include="Dump.h">
      <Filter>Header Files</Filter>
    </ClInclude>
    <ClInclude Include="DebugMarker.h">
      <Filter>Header Files</Filter>
    </ClInclude>
    <ClInclude Include="ShadingRateSymbols.h">
      <Filter>Header Files</Filter>
    </ClInclude>
    <ClInclude Include="ShadingRatePalette.h">
      <Filter>Helpers</Filter>
    </ClInclude>
    <ClInclude Include="AABB.h">
      <Filter>Helpers</Filter>
    </ClInclude>
    <ClInclude Include="InputHandler.h">
      <Filter>Helpers</Filter>
    </ClInclude>
    <ClInclude Include="JSONReader.h">
      <Filter>Helpers</Filter>
    </ClInclude>
    <ClInclude Include="LazyInitSharedResource.h">
      <Filter>Helpers</Filter>
    </ClInclude>
    <ClInclude Include="ShaderList.h">
      <Filter>Render Meshs Info</Filter>
    </ClInclude>
    <ClInclude Include="PipelineSet.h">
      <Filter>Render Meshs Info</Filter>
    </ClInclude>
    <ClInclude Include="RenderMeshList.h">
      <Filter>Render Meshs Info</Filter>
    </ClInclude>
    <ClInclude Include="CameraList.h">
      <Filter>Camera</Filter>
    </ClInclude>
    <ClInclude Include="FirstPersonCamera.h">
      <Filter>Camera</Filter>
    </ClInclude>
    <ClInclude Include="CameraInterface.h">
      <Filter>Camera</Filter>
    </ClInclude>
    <ClInclude Include="GraphicCameraInterface.h">
      <Filter>Camera</Filter>
    </ClInclude>
    <ClInclude Include="OrthographicCamera.h">
      <Filter>Camera</Filter>
    </ClInclude>
    <ClInclude Include="ModelLoader.h">
      <Filter>Model Management</Filter>
    </ClInclude>
    <ClInclude Include="Mesh.h">
      <Filter>Model Management</Filter>
    </ClInclude>
    <ClInclude Include="SubMesh.h">
      <Filter>Model Management</Filter>
    </ClInclude>
    <ClInclude Include="UltraLight.h">
      <Filter>UI</Filter>
    </ClInclude>
    <ClInclude Include="UltraLightSurface.h">
      <Filter>UI</Filter>
    </ClInclude>
    <ClInclude Include="UltralightViewListener.h">
      <Filter>UI</Filter>
    </ClInclude>
    <ClInclude Include="CodeFileHashes.h">
      <Filter>Header Files</Filter>
    </ClInclude>
    <ClInclude Include="ImageCompression.h">
      <Filter>Header Files</Filter>
    </ClInclude>
    <ClInclude Include="MaterialsGPUManager.h">
      <Filter>Header Files</Filter>
    </ClInclude>
    <ClInclude Include="TextureSetLoader.h">
      <Filter>Header Files</Filter>
    </ClInclude>
    <ClInclude Include="DynamicStableArray.h">
      <Filter>Header Files</Filter>
    </ClInclude>
    <ClInclude Include="DynamicResourceUniqueOwnerArray.h">
      <Filter>Header Files</Filter>
    </ClInclude>
    <ClInclude Include="DescriptorSetBindInfo.h">
      <Filter>Header Files</Filter>
    </ClInclude>
    <ClInclude Include="LightManager.h">
      <Filter>Header Files</Filter>
    </ClInclude>
    <ClInclude Include="ProfilerCommon.h">
      <Filter>Header Files</Filter>
    </ClInclude>
    <ClInclude Include="DAEImporter.h">
      <Filter>Model Management</Filter>
    </ClInclude>
  </ItemGroup>
  <ItemGroup>
    <None Include="ShaderCommon.glsl" />
    <None Include="Camera.glsl">
      <Filter>Camera</Filter>
    </None>
    <None Include="DefaultMaterialFetch.glsl" />
    <None Include="LightInfo.glsl" />
  </ItemGroup>
</Project>