<?xml version="1.0" encoding="utf-8"?>
<Project ToolsVersion="4.0" xmlns="http://schemas.microsoft.com/developer/msbuild/2003">
  <ItemGroup>
    <Filter Include="Source Files">
      <UniqueIdentifier>{4FC737F1-C7A5-4376-A066-2A32D752A2FF}</UniqueIdentifier>
      <Extensions>cpp;c;cc;cxx;c++;cppm;ixx;def;odl;idl;hpj;bat;asm;asmx</Extensions>
    </Filter>
    <Filter Include="Header Files">
      <UniqueIdentifier>{93995380-89BD-4b04-88EB-625FBE52EBFB}</UniqueIdentifier>
      <Extensions>h;hh;hpp;hxx;h++;hm;inl;inc;ipp;xsd</Extensions>
    </Filter>
    <Filter Include="Resource Files">
      <UniqueIdentifier>{67DA6AB6-F800-4c08-8B7A-83BB121AAD01}</UniqueIdentifier>
      <Extensions>rc;ico;cur;bmp;dlg;rc2;rct;bin;rgs;gif;jpg;jpeg;jpe;resx;tiff;tif;png;wav;mfcribbon-ms</Extensions>
    </Filter>
    <Filter Include="Vulkan">
      <UniqueIdentifier>{e99fdc27-d1f7-42d6-a894-72c044fbaa42}</UniqueIdentifier>
    </Filter>
    <Filter Include="Global">
      <UniqueIdentifier>{cc27a4e3-ea18-4778-a1cb-6d640d785d44}</UniqueIdentifier>
    </Filter>
    <Filter Include="API Elements">
      <UniqueIdentifier>{f57ddced-3731-42dc-bab4-c390ee1e765d}</UniqueIdentifier>
    </Filter>
    <Filter Include="API Elements\Ray Tracing">
      <UniqueIdentifier>{87b70ca4-4700-45d8-8eaa-234f5a4727d9}</UniqueIdentifier>
    </Filter>
  </ItemGroup>
  <ItemGroup>
    <ClInclude Include="Private\Vulkan\DescriptorPool.h">
      <Filter>Vulkan</Filter>
    </ClInclude>
    <ClInclude Include="Private\Vulkan\CommandPool.h">
      <Filter>Vulkan</Filter>
    </ClInclude>
    <ClInclude Include="Private\Vulkan\Vulkan.h">
      <Filter>Vulkan</Filter>
    </ClInclude>
    <ClInclude Include="Private\Vulkan\VulkanHelper.h">
      <Filter>Vulkan</Filter>
    </ClInclude>
    <ClInclude Include="Private\Vulkan\ShadingRateSymbols.h">
      <Filter>Vulkan</Filter>
    </ClInclude>
    <ClInclude Include="Private\Vulkan\QueueFamilyIndices.h">
      <Filter>Vulkan</Filter>
    </ClInclude>
    <ClInclude Include="Public\GraphicAPIManager.h">
      <Filter>Global</Filter>
    </ClInclude>
    <ClInclude Include="Private\Vulkan\SwapChainSupportDetails.h">
      <Filter>Vulkan</Filter>
    </ClInclude>
    <ClInclude Include="Public\Buffer.h">
      <Filter>API Elements</Filter>
    </ClInclude>
    <ClInclude Include="Private\Vulkan\BufferVulkan.h">
      <Filter>Vulkan</Filter>
    </ClInclude>
    <ClInclude Include="Public\Fence.h">
      <Filter>API Elements</Filter>
    </ClInclude>
    <ClInclude Include="Private\Vulkan\FenceVulkan.h">
      <Filter>Vulkan</Filter>
    </ClInclude>
    <ClInclude Include="Public\Semaphore.h">
      <Filter>API Elements</Filter>
    </ClInclude>
    <ClInclude Include="Public\Enums.h">
      <Filter>Global</Filter>
    </ClInclude>
    <ClInclude Include="Private\Vulkan\SemaphoreVulkan.h">
      <Filter>Vulkan</Filter>
    </ClInclude>
    <ClInclude Include="Public\CommandBuffer.h">
      <Filter>API Elements</Filter>
    </ClInclude>
    <ClInclude Include="Private\Vulkan\CommandBufferVulkan.h">
      <Filter>Vulkan</Filter>
    </ClInclude>
    <ClInclude Include="Public\Image.h">
      <Filter>API Elements</Filter>
    </ClInclude>
    <ClInclude Include="Private\Vulkan\ImageVulkan.h">
      <Filter>Vulkan</Filter>
    </ClInclude>
    <ClInclude Include="Public\ImageView.h">
      <Filter>API Elements</Filter>
    </ClInclude>
    <ClInclude Include="Public\DescriptorLayout.h">
      <Filter>API Elements</Filter>
    </ClInclude>
    <ClInclude Include="Public\DescriptorSet.h">
      <Filter>API Elements</Filter>
    </ClInclude>
    <ClInclude Include="Private\Vulkan\DescriptorSetVulkan.h">
      <Filter>Vulkan</Filter>
    </ClInclude>
    <ClInclude Include="Public\Sampler.h">
      <Filter>API Elements</Filter>
    </ClInclude>
    <ClInclude Include="Private\Vulkan\SamplerVulkan.h">
      <Filter>Vulkan</Filter>
    </ClInclude>
    <ClInclude Include="Public\DescriptorSetLayout.h">
      <Filter>API Elements</Filter>
    </ClInclude>
    <ClInclude Include="Private\Vulkan\DescriptorSetLayoutVulkan.h">
      <Filter>Vulkan</Filter>
    </ClInclude>
    <ClInclude Include="Public\FrameBuffer.h">
      <Filter>API Elements</Filter>
    </ClInclude>
    <ClInclude Include="Public\Attachment.h">
      <Filter>API Elements</Filter>
    </ClInclude>
    <ClInclude Include="Private\Vulkan\FrameBufferVulkan.h">
      <Filter>Vulkan</Filter>
    </ClInclude>
    <ClInclude Include="Public\RenderPass.h">
      <Filter>API Elements</Filter>
    </ClInclude>
    <ClInclude Include="Private\Vulkan\RenderPassVulkan.h">
      <Filter>Vulkan</Filter>
    </ClInclude>
    <ClInclude Include="Public\Pipeline.h">
      <Filter>API Elements</Filter>
    </ClInclude>
    <ClInclude Include="Private\Vulkan\PipelineVulkan.h">
      <Filter>Vulkan</Filter>
    </ClInclude>
    <ClInclude Include="Public\ShaderBindingTable.h">
      <Filter>API Elements\Ray Tracing</Filter>
    </ClInclude>
    <ClInclude Include="Private\Vulkan\AccelerationStructureVulkan.h">
      <Filter>Vulkan</Filter>
    </ClInclude>
    <ClInclude Include="Public\BottomLevelAccelerationStructure.h">
      <Filter>API Elements\Ray Tracing</Filter>
    </ClInclude>
    <ClInclude Include="Private\Vulkan\BottomLevelAccelerationStructureVulkan.h">
      <Filter>Vulkan</Filter>
    </ClInclude>
    <ClInclude Include="Public\TopLevelAccelerationStructure.h">
      <Filter>API Elements\Ray Tracing</Filter>
    </ClInclude>
    <ClInclude Include="Private\Vulkan\TopLevelAccelerationStructureVulkan.h">
      <Filter>Vulkan</Filter>
    </ClInclude>
    <ClInclude Include="Public\SwapChain.h">
      <Filter>API Elements</Filter>
    </ClInclude>
    <ClInclude Include="Private\Vulkan\SwapChainVulkan.h">
      <Filter>Vulkan</Filter>
    </ClInclude>
    <ClInclude Include="Public\Structs.h">
      <Filter>Global</Filter>
    </ClInclude>
    <ClInclude Include="Public\ShaderStages.h">
      <Filter>API Elements</Filter>
    </ClInclude>
    <ClInclude Include="Public\Extents.h">
      <Filter>API Elements</Filter>
    </ClInclude>
    <ClInclude Include="Private\Vulkan\ShaderStagesVulkan.h">
      <Filter>Vulkan</Filter>
    </ClInclude>
    <ClInclude Include="Public\Formats.h">
      <Filter>API Elements</Filter>
    </ClInclude>
    <ClInclude Include="Private\Vulkan\FormatsVulkan.h">
      <Filter>Vulkan</Filter>
    </ClInclude>
  </ItemGroup>
  <ItemGroup>
    <ClCompile Include="Private\Vulkan\CommandPool.cpp">
      <Filter>Vulkan</Filter>
    </ClCompile>
    <ClCompile Include="Private\Vulkan\DescriptorPool.cpp">
      <Filter>Vulkan</Filter>
    </ClCompile>
    <ClCompile Include="Private\Vulkan\Vulkan.cpp">
      <Filter>Vulkan</Filter>
    </ClCompile>
    <ClCompile Include="Private\Vulkan\ShadingRateSymbols.cpp">
      <Filter>Vulkan</Filter>
    </ClCompile>
    <ClCompile Include="Private\Vulkan\VulkanHelper.cpp">
      <Filter>Vulkan</Filter>
    </ClCompile>
    <ClCompile Include="Public\GraphicAPIManager.cpp">
      <Filter>Global</Filter>
    </ClCompile>
    <ClCompile Include="Private\Vulkan\BufferVulkan.cpp">
      <Filter>Vulkan</Filter>
    </ClCompile>
    <ClCompile Include="Public\Buffer.cpp">
      <Filter>API Elements</Filter>
    </ClCompile>
    <ClCompile Include="Public\Fence.cpp">
      <Filter>API Elements</Filter>
    </ClCompile>
    <ClCompile Include="Private\Vulkan\FenceVulkan.cpp">
      <Filter>Vulkan</Filter>
    </ClCompile>
    <ClCompile Include="Public\Semaphore.cpp">
      <Filter>API Elements</Filter>
    </ClCompile>
    <ClCompile Include="Private\Vulkan\SemaphoreVulkan.cpp">
      <Filter>Vulkan</Filter>
    </ClCompile>
    <ClCompile Include="Public\CommandBuffer.cpp">
      <Filter>API Elements</Filter>
    </ClCompile>
    <ClCompile Include="Private\Vulkan\CommandBufferVulkan.cpp">
      <Filter>Vulkan</Filter>
    </ClCompile>
    <ClCompile Include="Public\Image.cpp">
      <Filter>API Elements</Filter>
    </ClCompile>
    <ClCompile Include="Private\Vulkan\ImageVulkan.cpp">
      <Filter>Vulkan</Filter>
    </ClCompile>
    <ClCompile Include="Public\ImageView.cpp">
      <Filter>API Elements</Filter>
    </ClCompile>
    <ClCompile Include="Public\DescriptorSet.cpp">
      <Filter>API Elements</Filter>
    </ClCompile>
    <ClCompile Include="Private\Vulkan\DescriptorSetVulkan.cpp">
      <Filter>Vulkan</Filter>
    </ClCompile>
    <ClCompile Include="Public\Sampler.cpp">
      <Filter>API Elements</Filter>
    </ClCompile>
    <ClCompile Include="Private\Vulkan\SamplerVulkan.cpp">
      <Filter>Vulkan</Filter>
    </ClCompile>
    <ClCompile Include="Public\DescriptorSetLayout.cpp">
      <Filter>API Elements</Filter>
    </ClCompile>
    <ClCompile Include="Private\Vulkan\DescriptorSetLayoutVulkan.cpp">
      <Filter>Vulkan</Filter>
    </ClCompile>
    <ClCompile Include="Public\FrameBuffer.cpp">
      <Filter>API Elements</Filter>
    </ClCompile>
    <ClCompile Include="Public\RenderPass.cpp">
      <Filter>API Elements</Filter>
    </ClCompile>
    <ClCompile Include="Private\Vulkan\RenderPassVulkan.cpp">
      <Filter>Vulkan</Filter>
    </ClCompile>
    <ClCompile Include="Private\Vulkan\FrameBufferVulkan.cpp">
      <Filter>Vulkan</Filter>
    </ClCompile>
    <ClCompile Include="Public\Pipeline.cpp">
      <Filter>API Elements</Filter>
    </ClCompile>
    <ClCompile Include="Private\Vulkan\PipelineVulkan.cpp">
      <Filter>Vulkan</Filter>
    </ClCompile>
    <ClCompile Include="Public\ShaderBindingTable.cpp">
      <Filter>API Elements\Ray Tracing</Filter>
    </ClCompile>
    <ClCompile Include="Private\Vulkan\RayTracingSymbols.cpp">
      <Filter>Vulkan</Filter>
    </ClCompile>
    <ClCompile Include="Private\Vulkan\AccelerationStructureVulkan.cpp">
      <Filter>Vulkan</Filter>
    </ClCompile>
    <ClCompile Include="Public\BottomLevelAccelerationStructure.cpp">
      <Filter>API Elements\Ray Tracing</Filter>
    </ClCompile>
    <ClCompile Include="Private\Vulkan\BottomLevelAccelerationStructureVulkan.cpp">
      <Filter>Vulkan</Filter>
    </ClCompile>
    <ClCompile Include="Public\TopLevelAccelerationStructure.cpp">
      <Filter>API Elements\Ray Tracing</Filter>
    </ClCompile>
    <ClCompile Include="Private\Vulkan\TopLevelAccelerationStructureVulkan.cpp">
      <Filter>Vulkan</Filter>
    </ClCompile>
    <ClCompile Include="Public\SwapChain.cpp">
      <Filter>API Elements</Filter>
    </ClCompile>
    <ClCompile Include="Private\Vulkan\SwapChainVulkan.cpp">
      <Filter>Vulkan</Filter>
    </ClCompile>
  </ItemGroup>
</Project>